
Microsoft Visual Studio Solution File, Format Version 12.00
# Visual Studio 14
VisualStudioVersion = 14.0.23107.0
MinimumVisualStudioVersion = 10.0.40219.1
Project("{FAE04EC0-301F-11D3-BF4B-00C04F79EFBC}") = "UltraModernWebDev", "UltraModernWebDev\UltraModernWebDev.csproj", "{16EA18C1-D554-4720-AAB9-83E91F75D86B}"
EndProject
Project("{2150E333-8FDC-42A3-9474-1A3956D46DE8}") = "SolutionItems", "SolutionItems", "{3FF36FD4-29EC-4EB7-AB82-804029F1117B}"
	ProjectSection(SolutionItems) = preProject
		.gitignore = .gitignore
		.vs\config\applicationhost.config = .vs\config\applicationhost.config
	EndProjectSection
EndProject
Project("{FAE04EC0-301F-11D3-BF4B-00C04F79EFBC}") = "Improving.MediatR", "Improving.Mediatr\Improving.MediatR.csproj", "{2424F410-3D56-4B4E-B28F-8F7018D664D9}"
EndProject
Global
	GlobalSection(SolutionConfigurationPlatforms) = preSolution
		Debug|Any CPU = Debug|Any CPU
		Release|Any CPU = Release|Any CPU
	EndGlobalSection
	GlobalSection(ProjectConfigurationPlatforms) = postSolution
		{16EA18C1-D554-4720-AAB9-83E91F75D86B}.Debug|Any CPU.ActiveCfg = Debug|Any CPU
		{16EA18C1-D554-4720-AAB9-83E91F75D86B}.Debug|Any CPU.Build.0 = Debug|Any CPU
		{16EA18C1-D554-4720-AAB9-83E91F75D86B}.Release|Any CPU.ActiveCfg = Release|Any CPU
		{16EA18C1-D554-4720-AAB9-83E91F75D86B}.Release|Any CPU.Build.0 = Release|Any CPU
		{2424F410-3D56-4B4E-B28F-8F7018D664D9}.Debug|Any CPU.ActiveCfg = Debug|Any CPU
		{2424F410-3D56-4B4E-B28F-8F7018D664D9}.Debug|Any CPU.Build.0 = Debug|Any CPU
		{2424F410-3D56-4B4E-B28F-8F7018D664D9}.Release|Any CPU.ActiveCfg = Release|Any CPU
		{2424F410-3D56-4B4E-B28F-8F7018D664D9}.Release|Any CPU.Build.0 = Release|Any CPU
	EndGlobalSection
	GlobalSection(SolutionProperties) = preSolution
		HideSolutionNode = FALSE
	EndGlobalSection
EndGlobal
